
Microsoft Visual Studio Solution File, Format Version 12.00
# Visual Studio 14
VisualStudioVersion = 14.0.23107.0
MinimumVisualStudioVersion = 10.0.40219.1
Project("{9092AA53-FB77-4645-B42D-1CCCA6BD08BD}") = "Async Inladen", "Async Inladen\Async Inladen.njsproj", "{D96439E1-FE8C-46EC-8ED4-015588E1F892}"
EndProject
Global
	GlobalSection(SolutionConfigurationPlatforms) = preSolution
		Debug|Any CPU = Debug|Any CPU
		Release|Any CPU = Release|Any CPU
	EndGlobalSection
	GlobalSection(ProjectConfigurationPlatforms) = postSolution
		{D96439E1-FE8C-46EC-8ED4-015588E1F892}.Debug|Any CPU.ActiveCfg = Debug|Any CPU
		{D96439E1-FE8C-46EC-8ED4-015588E1F892}.Debug|Any CPU.Build.0 = Debug|Any CPU
		{D96439E1-FE8C-46EC-8ED4-015588E1F892}.Release|Any CPU.ActiveCfg = Release|Any CPU
		{D96439E1-FE8C-46EC-8ED4-015588E1F892}.Release|Any CPU.Build.0 = Release|Any CPU
	EndGlobalSection
	GlobalSection(SolutionProperties) = preSolution
		HideSolutionNode = FALSE
	EndGlobalSection
EndGlobal
